
Microsoft Visual Studio Solution File, Format Version 12.00
# Visual Studio Version 17
VisualStudioVersion = 17.8.34511.84
MinimumVisualStudioVersion = 10.0.40219.1
Project("{FAE04EC0-301F-11D3-BF4B-00C04F79EFBC}") = "Lecture 10", "Lecture 10.csproj", "{FD326856-D1BE-4201-AA06-CDC5DFF67705}"
EndProject
Global
	GlobalSection(SolutionConfigurationPlatforms) = preSolution
		Debug|Any CPU = Debug|Any CPU
		Release|Any CPU = Release|Any CPU
	EndGlobalSection
	GlobalSection(ProjectConfigurationPlatforms) = postSolution
		{FD326856-D1BE-4201-AA06-CDC5DFF67705}.Debug|Any CPU.ActiveCfg = Debug|Any CPU
		{FD326856-D1BE-4201-AA06-CDC5DFF67705}.Debug|Any CPU.Build.0 = Debug|Any CPU
		{FD326856-D1BE-4201-AA06-CDC5DFF67705}.Release|Any CPU.ActiveCfg = Release|Any CPU
		{FD326856-D1BE-4201-AA06-CDC5DFF67705}.Release|Any CPU.Build.0 = Release|Any CPU
	EndGlobalSection
	GlobalSection(SolutionProperties) = preSolution
		HideSolutionNode = FALSE
	EndGlobalSection
	GlobalSection(ExtensibilityGlobals) = postSolution
		SolutionGuid = {65F91711-7A0F-4CFE-88B3-E597DB33C224}
	EndGlobalSection
EndGlobal
